// !$*UTF8*$!
{
	archiveVersion = 1;
	classes = {
	};
	objectVersion = 50;
	objects = {

/* Begin PBXBuildFile section */
		984BEF1E23CDB61100C8FD0F /* AppDelegate.swift in Sources */ = {isa = PBXBuildFile; fileRef = 984BEF1D23CDB61100C8FD0F /* AppDelegate.swift */; };
		984BEF2023CDB61100C8FD0F /* SceneDelegate.swift in Sources */ = {isa = PBXBuildFile; fileRef = 984BEF1F23CDB61100C8FD0F /* SceneDelegate.swift */; };
		984BEF2523CDB61100C8FD0F /* Main.storyboard in Resources */ = {isa = PBXBuildFile; fileRef = 984BEF2323CDB61100C8FD0F /* Main.storyboard */; };
		984BEF2723CDB61600C8FD0F /* Assets.xcassets in Resources */ = {isa = PBXBuildFile; fileRef = 984BEF2623CDB61600C8FD0F /* Assets.xcassets */; };
		984BEF2A23CDB61600C8FD0F /* LaunchScreen.storyboard in Resources */ = {isa = PBXBuildFile; fileRef = 984BEF2823CDB61600C8FD0F /* LaunchScreen.storyboard */; };
		984BEF3323CDB76B00C8FD0F /* OrdersTableViewController.swift in Sources */ = {isa = PBXBuildFile; fileRef = 984BEF3223CDB76B00C8FD0F /* OrdersTableViewController.swift */; };
		984BEF3523CDB78B00C8FD0F /* AddNewOrderViewController.swift in Sources */ = {isa = PBXBuildFile; fileRef = 984BEF3423CDB78B00C8FD0F /* AddNewOrderViewController.swift */; };
		984BEF3823CDC1C700C8FD0F /* Webservice.swift in Sources */ = {isa = PBXBuildFile; fileRef = 984BEF3723CDC1C700C8FD0F /* Webservice.swift */; };
		984BEF3B23CDC6ED00C8FD0F /* Order.swift in Sources */ = {isa = PBXBuildFile; fileRef = 984BEF3A23CDC6ED00C8FD0F /* Order.swift */; };
		984F891B23D06B3700025A41 /* KeyboardBoundView.swift in Sources */ = {isa = PBXBuildFile; fileRef = 984F891A23D06B3700025A41 /* KeyboardBoundView.swift */; };
		984FE93523D0125D0063268F /* AddCoffeeOrderViewModel.swift in Sources */ = {isa = PBXBuildFile; fileRef = 984FE93423D0125D0063268F /* AddCoffeeOrderViewModel.swift */; };
		9850B0BA23CF0F3F0073E66A /* OrderViewModel.swift in Sources */ = {isa = PBXBuildFile; fileRef = 9850B0B923CF0F3F0073E66A /* OrderViewModel.swift */; };
/* End PBXBuildFile section */

/* Begin PBXFileReference section */
		984BEF1A23CDB61100C8FD0F /* OrderCoffeeLabMVVM.app */ = {isa = PBXFileReference; explicitFileType = wrapper.application; includeInIndex = 0; path = OrderCoffeeLabMVVM.app; sourceTree = BUILT_PRODUCTS_DIR; };
		984BEF1D23CDB61100C8FD0F /* AppDelegate.swift */ = {isa = PBXFileReference; lastKnownFileType = sourcecode.swift; path = AppDelegate.swift; sourceTree = "<group>"; };
		984BEF1F23CDB61100C8FD0F /* SceneDelegate.swift */ = {isa = PBXFileReference; lastKnownFileType = sourcecode.swift; path = SceneDelegate.swift; sourceTree = "<group>"; };
		984BEF2423CDB61100C8FD0F /* Base */ = {isa = PBXFileReference; lastKnownFileType = file.storyboard; name = Base; path = Base.lproj/Main.storyboard; sourceTree = "<group>"; };
		984BEF2623CDB61600C8FD0F /* Assets.xcassets */ = {isa = PBXFileReference; lastKnownFileType = folder.assetcatalog; path = Assets.xcassets; sourceTree = "<group>"; };
		984BEF2923CDB61600C8FD0F /* Base */ = {isa = PBXFileReference; lastKnownFileType = file.storyboard; name = Base; path = Base.lproj/LaunchScreen.storyboard; sourceTree = "<group>"; };
		984BEF2B23CDB61600C8FD0F /* Info.plist */ = {isa = PBXFileReference; lastKnownFileType = text.plist.xml; path = Info.plist; sourceTree = "<group>"; };
		984BEF3223CDB76B00C8FD0F /* OrdersTableViewController.swift */ = {isa = PBXFileReference; lastKnownFileType = sourcecode.swift; path = OrdersTableViewController.swift; sourceTree = "<group>"; };
		984BEF3423CDB78B00C8FD0F /* AddNewOrderViewController.swift */ = {isa = PBXFileReference; lastKnownFileType = sourcecode.swift; path = AddNewOrderViewController.swift; sourceTree = "<group>"; };
		984BEF3723CDC1C700C8FD0F /* Webservice.swift */ = {isa = PBXFileReference; lastKnownFileType = sourcecode.swift; path = Webservice.swift; sourceTree = "<group>"; };
		984BEF3A23CDC6ED00C8FD0F /* Order.swift */ = {isa = PBXFileReference; lastKnownFileType = sourcecode.swift; path = Order.swift; sourceTree = "<group>"; };
		984F891A23D06B3700025A41 /* KeyboardBoundView.swift */ = {isa = PBXFileReference; fileEncoding = 4; lastKnownFileType = sourcecode.swift; path = KeyboardBoundView.swift; sourceTree = "<group>"; };
		984FE93423D0125D0063268F /* AddCoffeeOrderViewModel.swift */ = {isa = PBXFileReference; lastKnownFileType = sourcecode.swift; path = AddCoffeeOrderViewModel.swift; sourceTree = "<group>"; };
		9850B0B923CF0F3F0073E66A /* OrderViewModel.swift */ = {isa = PBXFileReference; lastKnownFileType = sourcecode.swift; path = OrderViewModel.swift; sourceTree = "<group>"; };
/* End PBXFileReference section */

/* Begin PBXFrameworksBuildPhase section */
		984BEF1723CDB61100C8FD0F /* Frameworks */ = {
			isa = PBXFrameworksBuildPhase;
			buildActionMask = 2147483647;
			files = (
			);
			runOnlyForDeploymentPostprocessing = 0;
		};
/* End PBXFrameworksBuildPhase section */

/* Begin PBXGroup section */
		984BEF1123CDB61100C8FD0F = {
			isa = PBXGroup;
			children = (
				984BEF1C23CDB61100C8FD0F /* OrderCoffeeLabMVVM */,
				984BEF1B23CDB61100C8FD0F /* Products */,
			);
			sourceTree = "<group>";
		};
		984BEF1B23CDB61100C8FD0F /* Products */ = {
			isa = PBXGroup;
			children = (
				984BEF1A23CDB61100C8FD0F /* OrderCoffeeLabMVVM.app */,
			);
			name = Products;
			sourceTree = "<group>";
		};
		984BEF1C23CDB61100C8FD0F /* OrderCoffeeLabMVVM */ = {
			isa = PBXGroup;
			children = (
				984F891923D06B2B00025A41 /* Views */,
				9850B0B823CF0F250073E66A /* View Models */,
				984BEF3923CDC6E100C8FD0F /* Models */,
				984BEF3623CDC1B600C8FD0F /* Services */,
				984BEF3123CDB74E00C8FD0F /* Controllers */,
				984BEF1D23CDB61100C8FD0F /* AppDelegate.swift */,
				984BEF1F23CDB61100C8FD0F /* SceneDelegate.swift */,
				984BEF2323CDB61100C8FD0F /* Main.storyboard */,
				984BEF2623CDB61600C8FD0F /* Assets.xcassets */,
				984BEF2823CDB61600C8FD0F /* LaunchScreen.storyboard */,
				984BEF2B23CDB61600C8FD0F /* Info.plist */,
			);
			path = OrderCoffeeLabMVVM;
			sourceTree = "<group>";
		};
		984BEF3123CDB74E00C8FD0F /* Controllers */ = {
			isa = PBXGroup;
			children = (
				984BEF3223CDB76B00C8FD0F /* OrdersTableViewController.swift */,
				984BEF3423CDB78B00C8FD0F /* AddNewOrderViewController.swift */,
			);
			path = Controllers;
			sourceTree = "<group>";
		};
		984BEF3623CDC1B600C8FD0F /* Services */ = {
			isa = PBXGroup;
			children = (
				984BEF3723CDC1C700C8FD0F /* Webservice.swift */,
			);
			path = Services;
			sourceTree = "<group>";
		};
		984BEF3923CDC6E100C8FD0F /* Models */ = {
			isa = PBXGroup;
			children = (
				984BEF3A23CDC6ED00C8FD0F /* Order.swift */,
			);
			path = Models;
			sourceTree = "<group>";
		};
		984F891923D06B2B00025A41 /* Views */ = {
			isa = PBXGroup;
			children = (
				984F891A23D06B3700025A41 /* KeyboardBoundView.swift */,
			);
			path = Views;
			sourceTree = "<group>";
		};
		9850B0B823CF0F250073E66A /* View Models */ = {
			isa = PBXGroup;
			children = (
				9850B0B923CF0F3F0073E66A /* OrderViewModel.swift */,
				984FE93423D0125D0063268F /* AddCoffeeOrderViewModel.swift */,
			);
			path = "View Models";
			sourceTree = "<group>";
		};
/* End PBXGroup section */

/* Begin PBXNativeTarget section */
		984BEF1923CDB61100C8FD0F /* OrderCoffeeLabMVVM */ = {
			isa = PBXNativeTarget;
			buildConfigurationList = 984BEF2E23CDB61600C8FD0F /* Build configuration list for PBXNativeTarget "OrderCoffeeLabMVVM" */;
			buildPhases = (
				984BEF1623CDB61100C8FD0F /* Sources */,
				984BEF1723CDB61100C8FD0F /* Frameworks */,
				984BEF1823CDB61100C8FD0F /* Resources */,
			);
			buildRules = (
			);
			dependencies = (
			);
			name = OrderCoffeeLabMVVM;
			productName = OrderCoffeeLabMVVM;
			productReference = 984BEF1A23CDB61100C8FD0F /* OrderCoffeeLabMVVM.app */;
			productType = "com.apple.product-type.application";
		};
/* End PBXNativeTarget section */

/* Begin PBXProject section */
		984BEF1223CDB61100C8FD0F /* Project object */ = {
			isa = PBXProject;
			attributes = {
				LastSwiftUpdateCheck = 1130;
				LastUpgradeCheck = 1130;
				ORGANIZATIONNAME = "Han Luong";
				TargetAttributes = {
					984BEF1923CDB61100C8FD0F = {
						CreatedOnToolsVersion = 11.3;
					};
				};
			};
			buildConfigurationList = 984BEF1523CDB61100C8FD0F /* Build configuration list for PBXProject "OrderCoffeeLabMVVM" */;
			compatibilityVersion = "Xcode 9.3";
			developmentRegion = en;
			hasScannedForEncodings = 0;
			knownRegions = (
				en,
				Base,
			);
			mainGroup = 984BEF1123CDB61100C8FD0F;
			productRefGroup = 984BEF1B23CDB61100C8FD0F /* Products */;
			projectDirPath = "";
			projectRoot = "";
			targets = (
				984BEF1923CDB61100C8FD0F /* OrderCoffeeLabMVVM */,
			);
		};
/* End PBXProject section */

/* Begin PBXResourcesBuildPhase section */
		984BEF1823CDB61100C8FD0F /* Resources */ = {
			isa = PBXResourcesBuildPhase;
			buildActionMask = 2147483647;
			files = (
				984BEF2A23CDB61600C8FD0F /* LaunchScreen.storyboard in Resources */,
				984BEF2723CDB61600C8FD0F /* Assets.xcassets in Resources */,
				984BEF2523CDB61100C8FD0F /* Main.storyboard in Resources */,
			);
			runOnlyForDeploymentPostprocessing = 0;
		};
/* End PBXResourcesBuildPhase section */

/* Begin PBXSourcesBuildPhase section */
		984BEF1623CDB61100C8FD0F /* Sources */ = {
			isa = PBXSourcesBuildPhase;
			buildActionMask = 2147483647;
			files = (
				984BEF3B23CDC6ED00C8FD0F /* Order.swift in Sources */,
				984FE93523D0125D0063268F /* AddCoffeeOrderViewModel.swift in Sources */,
				984BEF3523CDB78B00C8FD0F /* AddNewOrderViewController.swift in Sources */,
				984BEF1E23CDB61100C8FD0F /* AppDelegate.swift in Sources */,
				984BEF2023CDB61100C8FD0F /* SceneDelegate.swift in Sources */,
				984F891B23D06B3700025A41 /* KeyboardBoundView.swift in Sources */,
				984BEF3823CDC1C700C8FD0F /* Webservice.swift in Sources */,
				9850B0BA23CF0F3F0073E66A /* OrderViewModel.swift in Sources */,
				984BEF3323CDB76B00C8FD0F /* OrdersTableViewController.swift in Sources */,
			);
			runOnlyForDeploymentPostprocessing = 0;
		};
/* End PBXSourcesBuildPhase section */

/* Begin PBXVariantGroup section */
		984BEF2323CDB61100C8FD0F /* Main.storyboard */ = {
			isa = PBXVariantGroup;
			children = (
				984BEF2423CDB61100C8FD0F /* Base */,
			);
			name = Main.storyboard;
			sourceTree = "<group>";
		};
		984BEF2823CDB61600C8FD0F /* LaunchScreen.storyboard */ = {
			isa = PBXVariantGroup;
			children = (
				984BEF2923CDB61600C8FD0F /* Base */,
			);
			name = LaunchScreen.storyboard;
			sourceTree = "<group>";
		};
/* End PBXVariantGroup section */

/* Begin XCBuildConfiguration section */
		984BEF2C23CDB61600C8FD0F /* Debug */ = {
			isa = XCBuildConfiguration;
			buildSettings = {
				ALWAYS_SEARCH_USER_PATHS = NO;
				CLANG_ANALYZER_NONNULL = YES;
				CLANG_ANALYZER_NUMBER_OBJECT_CONVERSION = YES_AGGRESSIVE;
				CLANG_CXX_LANGUAGE_STANDARD = "gnu++14";
				CLANG_CXX_LIBRARY = "libc++";
				CLANG_ENABLE_MODULES = YES;
				CLANG_ENABLE_OBJC_ARC = YES;
				CLANG_ENABLE_OBJC_WEAK = YES;
				CLANG_WARN_BLOCK_CAPTURE_AUTORELEASING = YES;
				CLANG_WARN_BOOL_CONVERSION = YES;
				CLANG_WARN_COMMA = YES;
				CLANG_WARN_CONSTANT_CONVERSION = YES;
				CLANG_WARN_DEPRECATED_OBJC_IMPLEMENTATIONS = YES;
				CLANG_WARN_DIRECT_OBJC_ISA_USAGE = YES_ERROR;
				CLANG_WARN_DOCUMENTATION_COMMENTS = YES;
				CLANG_WARN_EMPTY_BODY = YES;
				CLANG_WARN_ENUM_CONVERSION = YES;
				CLANG_WARN_INFINITE_RECURSION = YES;
				CLANG_WARN_INT_CONVERSION = YES;
				CLANG_WARN_NON_LITERAL_NULL_CONVERSION = YES;
				CLANG_WARN_OBJC_IMPLICIT_RETAIN_SELF = YES;
				CLANG_WARN_OBJC_LITERAL_CONVERSION = YES;
				CLANG_WARN_OBJC_ROOT_CLASS = YES_ERROR;
				CLANG_WARN_RANGE_LOOP_ANALYSIS = YES;
				CLANG_WARN_STRICT_PROTOTYPES = YES;
				CLANG_WARN_SUSPICIOUS_MOVE = YES;
				CLANG_WARN_UNGUARDED_AVAILABILITY = YES_AGGRESSIVE;
				CLANG_WARN_UNREACHABLE_CODE = YES;
				CLANG_WARN__DUPLICATE_METHOD_MATCH = YES;
				COPY_PHASE_STRIP = NO;
				DEBUG_INFORMATION_FORMAT = dwarf;
				ENABLE_STRICT_OBJC_MSGSEND = YES;
				ENABLE_TESTABILITY = YES;
				GCC_C_LANGUAGE_STANDARD = gnu11;
				GCC_DYNAMIC_NO_PIC = NO;
				GCC_NO_COMMON_BLOCKS = YES;
				GCC_OPTIMIZATION_LEVEL = 0;
				GCC_PREPROCESSOR_DEFINITIONS = (
					"DEBUG=1",
					"$(inherited)",
				);
				GCC_WARN_64_TO_32_BIT_CONVERSION = YES;
				GCC_WARN_ABOUT_RETURN_TYPE = YES_ERROR;
				GCC_WARN_UNDECLARED_SELECTOR = YES;
				GCC_WARN_UNINITIALIZED_AUTOS = YES_AGGRESSIVE;
				GCC_WARN_UNUSED_FUNCTION = YES;
				GCC_WARN_UNUSED_VARIABLE = YES;
				IPHONEOS_DEPLOYMENT_TARGET = 13.2;
				MTL_ENABLE_DEBUG_INFO = INCLUDE_SOURCE;
				MTL_FAST_MATH = YES;
				ONLY_ACTIVE_ARCH = YES;
				SDKROOT = iphoneos;
				SWIFT_ACTIVE_COMPILATION_CONDITIONS = DEBUG;
				SWIFT_OPTIMIZATION_LEVEL = "-Onone";
			};
			name = Debug;
		};
		984BEF2D23CDB61600C8FD0F /* Release */ = {
			isa = XCBuildConfiguration;
			buildSettings = {
				ALWAYS_SEARCH_USER_PATHS = NO;
				CLANG_ANALYZER_NONNULL = YES;
				CLANG_ANALYZER_NUMBER_OBJECT_CONVERSION = YES_AGGRESSIVE;
				CLANG_CXX_LANGUAGE_STANDARD = "gnu++14";
				CLANG_CXX_LIBRARY = "libc++";
				CLANG_ENABLE_MODULES = YES;
				CLANG_ENABLE_OBJC_ARC = YES;
				CLANG_ENABLE_OBJC_WEAK = YES;
				CLANG_WARN_BLOCK_CAPTURE_AUTORELEASING = YES;
				CLANG_WARN_BOOL_CONVERSION = YES;
				CLANG_WARN_COMMA = YES;
				CLANG_WARN_CONSTANT_CONVERSION = YES;
				CLANG_WARN_DEPRECATED_OBJC_IMPLEMENTATIONS = YES;
				CLANG_WARN_DIRECT_OBJC_ISA_USAGE = YES_ERROR;
				CLANG_WARN_DOCUMENTATION_COMMENTS = YES;
				CLANG_WARN_EMPTY_BODY = YES;
				CLANG_WARN_ENUM_CONVERSION = YES;
				CLANG_WARN_INFINITE_RECURSION = YES;
				CLANG_WARN_INT_CONVERSION = YES;
				CLANG_WARN_NON_LITERAL_NULL_CONVERSION = YES;
				CLANG_WARN_OBJC_IMPLICIT_RETAIN_SELF = YES;
				CLANG_WARN_OBJC_LITERAL_CONVERSION = YES;
				CLANG_WARN_OBJC_ROOT_CLASS = YES_ERROR;
				CLANG_WARN_RANGE_LOOP_ANALYSIS = YES;
				CLANG_WARN_STRICT_PROTOTYPES = YES;
				CLANG_WARN_SUSPICIOUS_MOVE = YES;
				CLANG_WARN_UNGUARDED_AVAILABILITY = YES_AGGRESSIVE;
				CLANG_WARN_UNREACHABLE_CODE = YES;
				CLANG_WARN__DUPLICATE_METHOD_MATCH = YES;
				COPY_PHASE_STRIP = NO;
				DEBUG_INFORMATION_FORMAT = "dwarf-with-dsym";
				ENABLE_NS_ASSERTIONS = NO;
				ENABLE_STRICT_OBJC_MSGSEND = YES;
				GCC_C_LANGUAGE_STANDARD = gnu11;
				GCC_NO_COMMON_BLOCKS = YES;
				GCC_WARN_64_TO_32_BIT_CONVERSION = YES;
				GCC_WARN_ABOUT_RETURN_TYPE = YES_ERROR;
				GCC_WARN_UNDECLARED_SELECTOR = YES;
				GCC_WARN_UNINITIALIZED_AUTOS = YES_AGGRESSIVE;
				GCC_WARN_UNUSED_FUNCTION = YES;
				GCC_WARN_UNUSED_VARIABLE = YES;
				IPHONEOS_DEPLOYMENT_TARGET = 13.2;
				MTL_ENABLE_DEBUG_INFO = NO;
				MTL_FAST_MATH = YES;
				SDKROOT = iphoneos;
				SWIFT_COMPILATION_MODE = wholemodule;
				SWIFT_OPTIMIZATION_LEVEL = "-O";
				VALIDATE_PRODUCT = YES;
			};
			name = Release;
		};
		984BEF2F23CDB61600C8FD0F /* Debug */ = {
			isa = XCBuildConfiguration;
			buildSettings = {
				ASSETCATALOG_COMPILER_APPICON_NAME = AppIcon;
				CODE_SIGN_STYLE = Automatic;
				DEVELOPMENT_TEAM = H45E9F8W3K;
				INFOPLIST_FILE = OrderCoffeeLabMVVM/Info.plist;
				LD_RUNPATH_SEARCH_PATHS = (
					"$(inherited)",
					"@executable_path/Frameworks",
				);
				PRODUCT_BUNDLE_IDENTIFIER = hnluong.OrderCoffeeLabMVVM;
				PRODUCT_NAME = "$(TARGET_NAME)";
				SWIFT_VERSION = 5.0;
				TARGETED_DEVICE_FAMILY = "1,2";
			};
			name = Debug;
		};
		984BEF3023CDB61600C8FD0F /* Release */ = {
			isa = XCBuildConfiguration;
			buildSettings = {
				ASSETCATALOG_COMPILER_APPICON_NAME = AppIcon;
				CODE_SIGN_STYLE = Automatic;
				DEVELOPMENT_TEAM = H45E9F8W3K;
				INFOPLIST_FILE = OrderCoffeeLabMVVM/Info.plist;
				LD_RUNPATH_SEARCH_PATHS = (
					"$(inherited)",
					"@executable_path/Frameworks",
				);
				PRODUCT_BUNDLE_IDENTIFIER = hnluong.OrderCoffeeLabMVVM;
				PRODUCT_NAME = "$(TARGET_NAME)";
				SWIFT_VERSION = 5.0;
				TARGETED_DEVICE_FAMILY = "1,2";
			};
			name = Release;
		};
/* End XCBuildConfiguration section */

/* Begin XCConfigurationList section */
		984BEF1523CDB61100C8FD0F /* Build configuration list for PBXProject "OrderCoffeeLabMVVM" */ = {
			isa = XCConfigurationList;
			buildConfigurations = (
				984BEF2C23CDB61600C8FD0F /* Debug */,
				984BEF2D23CDB61600C8FD0F /* Release */,
			);
			defaultConfigurationIsVisible = 0;
			defaultConfigurationName = Release;
		};
		984BEF2E23CDB61600C8FD0F /* Build configuration list for PBXNativeTarget "OrderCoffeeLabMVVM" */ = {
			isa = XCConfigurationList;
			buildConfigurations = (
				984BEF2F23CDB61600C8FD0F /* Debug */,
				984BEF3023CDB61600C8FD0F /* Release */,
			);
			defaultConfigurationIsVisible = 0;
			defaultConfigurationName = Release;
		};
/* End XCConfigurationList section */
	};
	rootObject = 984BEF1223CDB61100C8FD0F /* Project object */;
}
